
Microsoft Visual Studio Solution File, Format Version 12.00
# Visual Studio Version 17
VisualStudioVersion = 17.0.31903.59
MinimumVisualStudioVersion = 10.0.40219.1
Project("{2150E333-8FDC-42A3-9474-1A3956D46DE8}") = "Services", "Services", "{54928342-0850-43E5-AAED-B726BC210FB3}"
EndProject
Project("{FAE04EC0-301F-11D3-BF4B-00C04F79EFBC}") = "Implementation", "Services\Implementation\Implementation.csproj", "{562747D1-F8E2-4146-BA85-368E5AAC5358}"
EndProject
Project("{FAE04EC0-301F-11D3-BF4B-00C04F79EFBC}") = "Interface", "Services\Interface\Interface.csproj", "{690C5F78-0951-49B3-BD71-E3ED00E79D33}"
EndProject
Project("{FAE04EC0-301F-11D3-BF4B-00C04F79EFBC}") = "WebApi.Model", "WebApi.Model\WebApi.Model.csproj", "{294F0D8A-699B-4653-833E-BD2385BACAD3}"
EndProject
Project("{FAE04EC0-301F-11D3-BF4B-00C04F79EFBC}") = "WebApi.Api", "WebApi.Api\WebApi.Api.csproj", "{BFA38E54-1877-4CB1-AE44-922B2C76E3E4}"
EndProject
Global
	GlobalSection(SolutionConfigurationPlatforms) = preSolution
		Debug|Any CPU = Debug|Any CPU
		Debug|x64 = Debug|x64
		Debug|x86 = Debug|x86
		Release|Any CPU = Release|Any CPU
		Release|x64 = Release|x64
		Release|x86 = Release|x86
	EndGlobalSection
	GlobalSection(ProjectConfigurationPlatforms) = postSolution
		{562747D1-F8E2-4146-BA85-368E5AAC5358}.Debug|Any CPU.ActiveCfg = Debug|Any CPU
		{562747D1-F8E2-4146-BA85-368E5AAC5358}.Debug|Any CPU.Build.0 = Debug|Any CPU
		{562747D1-F8E2-4146-BA85-368E5AAC5358}.Debug|x64.ActiveCfg = Debug|Any CPU
		{562747D1-F8E2-4146-BA85-368E5AAC5358}.Debug|x64.Build.0 = Debug|Any CPU
		{562747D1-F8E2-4146-BA85-368E5AAC5358}.Debug|x86.ActiveCfg = Debug|Any CPU
		{562747D1-F8E2-4146-BA85-368E5AAC5358}.Debug|x86.Build.0 = Debug|Any CPU
		{562747D1-F8E2-4146-BA85-368E5AAC5358}.Release|Any CPU.ActiveCfg = Release|Any CPU
		{562747D1-F8E2-4146-BA85-368E5AAC5358}.Release|Any CPU.Build.0 = Release|Any CPU
		{562747D1-F8E2-4146-BA85-368E5AAC5358}.Release|x64.ActiveCfg = Release|Any CPU
		{562747D1-F8E2-4146-BA85-368E5AAC5358}.Release|x64.Build.0 = Release|Any CPU
		{562747D1-F8E2-4146-BA85-368E5AAC5358}.Release|x86.ActiveCfg = Release|Any CPU
		{562747D1-F8E2-4146-BA85-368E5AAC5358}.Release|x86.Build.0 = Release|Any CPU
		{690C5F78-0951-49B3-BD71-E3ED00E79D33}.Debug|Any CPU.ActiveCfg = Debug|Any CPU
		{690C5F78-0951-49B3-BD71-E3ED00E79D33}.Debug|Any CPU.Build.0 = Debug|Any CPU
		{690C5F78-0951-49B3-BD71-E3ED00E79D33}.Debug|x64.ActiveCfg = Debug|Any CPU
		{690C5F78-0951-49B3-BD71-E3ED00E79D33}.Debug|x64.Build.0 = Debug|Any CPU
		{690C5F78-0951-49B3-BD71-E3ED00E79D33}.Debug|x86.ActiveCfg = Debug|Any CPU
		{690C5F78-0951-49B3-BD71-E3ED00E79D33}.Debug|x86.Build.0 = Debug|Any CPU
		{690C5F78-0951-49B3-BD71-E3ED00E79D33}.Release|Any CPU.ActiveCfg = Release|Any CPU
		{690C5F78-0951-49B3-BD71-E3ED00E79D33}.Release|Any CPU.Build.0 = Release|Any CPU
		{690C5F78-0951-49B3-BD71-E3ED00E79D33}.Release|x64.ActiveCfg = Release|Any CPU
		{690C5F78-0951-49B3-BD71-E3ED00E79D33}.Release|x64.Build.0 = Release|Any CPU
		{690C5F78-0951-49B3-BD71-E3ED00E79D33}.Release|x86.ActiveCfg = Release|Any CPU
		{690C5F78-0951-49B3-BD71-E3ED00E79D33}.Release|x86.Build.0 = Release|Any CPU
		{294F0D8A-699B-4653-833E-BD2385BACAD3}.Debug|Any CPU.ActiveCfg = Debug|Any CPU
		{294F0D8A-699B-4653-833E-BD2385BACAD3}.Debug|Any CPU.Build.0 = Debug|Any CPU
		{294F0D8A-699B-4653-833E-BD2385BACAD3}.Debug|x64.ActiveCfg = Debug|Any CPU
		{294F0D8A-699B-4653-833E-BD2385BACAD3}.Debug|x64.Build.0 = Debug|Any CPU
		{294F0D8A-699B-4653-833E-BD2385BACAD3}.Debug|x86.ActiveCfg = Debug|Any CPU
		{294F0D8A-699B-4653-833E-BD2385BACAD3}.Debug|x86.Build.0 = Debug|Any CPU
		{294F0D8A-699B-4653-833E-BD2385BACAD3}.Release|Any CPU.ActiveCfg = Release|Any CPU
		{294F0D8A-699B-4653-833E-BD2385BACAD3}.Release|Any CPU.Build.0 = Release|Any CPU
		{294F0D8A-699B-4653-833E-BD2385BACAD3}.Release|x64.ActiveCfg = Release|Any CPU
		{294F0D8A-699B-4653-833E-BD2385BACAD3}.Release|x64.Build.0 = Release|Any CPU
		{294F0D8A-699B-4653-833E-BD2385BACAD3}.Release|x86.ActiveCfg = Release|Any CPU
		{294F0D8A-699B-4653-833E-BD2385BACAD3}.Release|x86.Build.0 = Release|Any CPU
		{BFA38E54-1877-4CB1-AE44-922B2C76E3E4}.Debug|Any CPU.ActiveCfg = Debug|Any CPU
		{BFA38E54-1877-4CB1-AE44-922B2C76E3E4}.Debug|Any CPU.Build.0 = Debug|Any CPU
		{BFA38E54-1877-4CB1-AE44-922B2C76E3E4}.Debug|x64.ActiveCfg = Debug|Any CPU
		{BFA38E54-1877-4CB1-AE44-922B2C76E3E4}.Debug|x64.Build.0 = Debug|Any CPU
		{BFA38E54-1877-4CB1-AE44-922B2C76E3E4}.Debug|x86.ActiveCfg = Debug|Any CPU
		{BFA38E54-1877-4CB1-AE44-922B2C76E3E4}.Debug|x86.Build.0 = Debug|Any CPU
		{BFA38E54-1877-4CB1-AE44-922B2C76E3E4}.Release|Any CPU.ActiveCfg = Release|Any CPU
		{BFA38E54-1877-4CB1-AE44-922B2C76E3E4}.Release|Any CPU.Build.0 = Release|Any CPU
		{BFA38E54-1877-4CB1-AE44-922B2C76E3E4}.Release|x64.ActiveCfg = Release|Any CPU
		{BFA38E54-1877-4CB1-AE44-922B2C76E3E4}.Release|x64.Build.0 = Release|Any CPU
		{BFA38E54-1877-4CB1-AE44-922B2C76E3E4}.Release|x86.ActiveCfg = Release|Any CPU
		{BFA38E54-1877-4CB1-AE44-922B2C76E3E4}.Release|x86.Build.0 = Release|Any CPU
	EndGlobalSection
	GlobalSection(SolutionProperties) = preSolution
		HideSolutionNode = FALSE
	EndGlobalSection
	GlobalSection(NestedProjects) = preSolution
		{562747D1-F8E2-4146-BA85-368E5AAC5358} = {54928342-0850-43E5-AAED-B726BC210FB3}
		{690C5F78-0951-49B3-BD71-E3ED00E79D33} = {54928342-0850-43E5-AAED-B726BC210FB3}
	EndGlobalSection
EndGlobal
